// !$*UTF8*$!
{
	archiveVersion = 1;
	classes = {
	};
	objectVersion = 50;
	objects = {

/* Begin PBXBuildFile section */
		345A91AD263C3EE100FC69CA /* todo_appApp.swift in Sources */ = {isa = PBXBuildFile; fileRef = 345A91AC263C3EE100FC69CA /* todo_appApp.swift */; };
		345A91AF263C3EE100FC69CA /* ContentView.swift in Sources */ = {isa = PBXBuildFile; fileRef = 345A91AE263C3EE100FC69CA /* ContentView.swift */; };
		345A91B1263C3EE200FC69CA /* Assets.xcassets in Resources */ = {isa = PBXBuildFile; fileRef = 345A91B0263C3EE200FC69CA /* Assets.xcassets */; };
		345A91B4263C3EE200FC69CA /* Preview Assets.xcassets in Resources */ = {isa = PBXBuildFile; fileRef = 345A91B3263C3EE200FC69CA /* Preview Assets.xcassets */; };
		345A91B6263C3EE200FC69CA /* Persistence.swift in Sources */ = {isa = PBXBuildFile; fileRef = 345A91B5263C3EE200FC69CA /* Persistence.swift */; };
		345A91B9263C3EE200FC69CA /* todo_app.xcdatamodeld in Sources */ = {isa = PBXBuildFile; fileRef = 345A91B7263C3EE200FC69CA /* todo_app.xcdatamodeld */; };
		345A91C9263C408700FC69CA /* Item+CoreDataClass.swift in Sources */ = {isa = PBXBuildFile; fileRef = 345A91C7263C408700FC69CA /* Item+CoreDataClass.swift */; };
		345A91CA263C408700FC69CA /* Item+CoreDataProperties.swift in Sources */ = {isa = PBXBuildFile; fileRef = 345A91C8263C408700FC69CA /* Item+CoreDataProperties.swift */; };
		345A91D1263C4A8400FC69CA /* ToDoView.swift in Sources */ = {isa = PBXBuildFile; fileRef = 345A91D0263C4A8400FC69CA /* ToDoView.swift */; };
		345A91D5263C4CB200FC69CA /* EmptyView.swift in Sources */ = {isa = PBXBuildFile; fileRef = 345A91D4263C4CB200FC69CA /* EmptyView.swift */; };
		345A91D8263C4E1B00FC69CA /* ListView.swift in Sources */ = {isa = PBXBuildFile; fileRef = 345A91D7263C4E1B00FC69CA /* ListView.swift */; };
		345A91DB263C534400FC69CA /* ModalView.swift in Sources */ = {isa = PBXBuildFile; fileRef = 345A91DA263C534400FC69CA /* ModalView.swift */; };
/* End PBXBuildFile section */

/* Begin PBXFileReference section */
		345A91A9263C3EE100FC69CA /* todo-app.app */ = {isa = PBXFileReference; explicitFileType = wrapper.application; includeInIndex = 0; path = "todo-app.app"; sourceTree = BUILT_PRODUCTS_DIR; };
		345A91AC263C3EE100FC69CA /* todo_appApp.swift */ = {isa = PBXFileReference; lastKnownFileType = sourcecode.swift; path = todo_appApp.swift; sourceTree = "<group>"; };
		345A91AE263C3EE100FC69CA /* ContentView.swift */ = {isa = PBXFileReference; lastKnownFileType = sourcecode.swift; path = ContentView.swift; sourceTree = "<group>"; };
		345A91B0263C3EE200FC69CA /* Assets.xcassets */ = {isa = PBXFileReference; lastKnownFileType = folder.assetcatalog; path = Assets.xcassets; sourceTree = "<group>"; };
		345A91B3263C3EE200FC69CA /* Preview Assets.xcassets */ = {isa = PBXFileReference; lastKnownFileType = folder.assetcatalog; path = "Preview Assets.xcassets"; sourceTree = "<group>"; };
		345A91B5263C3EE200FC69CA /* Persistence.swift */ = {isa = PBXFileReference; lastKnownFileType = sourcecode.swift; path = Persistence.swift; sourceTree = "<group>"; };
		345A91B8263C3EE200FC69CA /* todo_app.xcdatamodel */ = {isa = PBXFileReference; lastKnownFileType = wrapper.xcdatamodel; path = todo_app.xcdatamodel; sourceTree = "<group>"; };
		345A91BA263C3EE200FC69CA /* Info.plist */ = {isa = PBXFileReference; lastKnownFileType = text.plist.xml; path = Info.plist; sourceTree = "<group>"; };
		345A91C7263C408700FC69CA /* Item+CoreDataClass.swift */ = {isa = PBXFileReference; lastKnownFileType = sourcecode.swift; path = "Item+CoreDataClass.swift"; sourceTree = "<group>"; };
		345A91C8263C408700FC69CA /* Item+CoreDataProperties.swift */ = {isa = PBXFileReference; lastKnownFileType = sourcecode.swift; path = "Item+CoreDataProperties.swift"; sourceTree = "<group>"; };
		345A91D0263C4A8400FC69CA /* ToDoView.swift */ = {isa = PBXFileReference; lastKnownFileType = sourcecode.swift; path = ToDoView.swift; sourceTree = "<group>"; };
		345A91D4263C4CB200FC69CA /* EmptyView.swift */ = {isa = PBXFileReference; lastKnownFileType = sourcecode.swift; path = EmptyView.swift; sourceTree = "<group>"; };
		345A91D7263C4E1B00FC69CA /* ListView.swift */ = {isa = PBXFileReference; lastKnownFileType = sourcecode.swift; path = ListView.swift; sourceTree = "<group>"; };
		345A91DA263C534400FC69CA /* ModalView.swift */ = {isa = PBXFileReference; lastKnownFileType = sourcecode.swift; path = ModalView.swift; sourceTree = "<group>"; };
/* End PBXFileReference section */

/* Begin PBXFrameworksBuildPhase section */
		345A91A6263C3EE100FC69CA /* Frameworks */ = {
			isa = PBXFrameworksBuildPhase;
			buildActionMask = 2147483647;
			files = (
			);
			runOnlyForDeploymentPostprocessing = 0;
		};
/* End PBXFrameworksBuildPhase section */

/* Begin PBXGroup section */
		345A91A0263C3EE100FC69CA = {
			isa = PBXGroup;
			children = (
				345A91AB263C3EE100FC69CA /* todo-app */,
				345A91AA263C3EE100FC69CA /* Products */,
			);
			sourceTree = "<group>";
		};
		345A91AA263C3EE100FC69CA /* Products */ = {
			isa = PBXGroup;
			children = (
				345A91A9263C3EE100FC69CA /* todo-app.app */,
			);
			name = Products;
			sourceTree = "<group>";
		};
		345A91AB263C3EE100FC69CA /* todo-app */ = {
			isa = PBXGroup;
			children = (
				345A91CE263C4A2300FC69CA /* View */,
				345A91CC263C49C300FC69CA /* Model */,
				345A91AC263C3EE100FC69CA /* todo_appApp.swift */,
				345A91AE263C3EE100FC69CA /* ContentView.swift */,
				345A91B0263C3EE200FC69CA /* Assets.xcassets */,
				345A91B5263C3EE200FC69CA /* Persistence.swift */,
				345A91BA263C3EE200FC69CA /* Info.plist */,
				345A91B7263C3EE200FC69CA /* todo_app.xcdatamodeld */,
				345A91B2263C3EE200FC69CA /* Preview Content */,
			);
			path = "todo-app";
			sourceTree = "<group>";
		};
		345A91B2263C3EE200FC69CA /* Preview Content */ = {
			isa = PBXGroup;
			children = (
				345A91B3263C3EE200FC69CA /* Preview Assets.xcassets */,
			);
			path = "Preview Content";
			sourceTree = "<group>";
		};
		345A91CC263C49C300FC69CA /* Model */ = {
			isa = PBXGroup;
			children = (
				345A91C7263C408700FC69CA /* Item+CoreDataClass.swift */,
				345A91C8263C408700FC69CA /* Item+CoreDataProperties.swift */,
			);
			path = Model;
			sourceTree = "<group>";
		};
		345A91CE263C4A2300FC69CA /* View */ = {
			isa = PBXGroup;
			children = (
				345A91CF263C4A3E00FC69CA /* ToDo */,
			);
			path = View;
			sourceTree = "<group>";
		};
		345A91CF263C4A3E00FC69CA /* ToDo */ = {
			isa = PBXGroup;
			children = (
				345A91D0263C4A8400FC69CA /* ToDoView.swift */,
				345A91D4263C4CB200FC69CA /* EmptyView.swift */,
				345A91D7263C4E1B00FC69CA /* ListView.swift */,
				345A91DA263C534400FC69CA /* ModalView.swift */,
			);
			path = ToDo;
			sourceTree = "<group>";
		};
/* End PBXGroup section */

/* Begin PBXNativeTarget section */
		345A91A8263C3EE100FC69CA /* todo-app */ = {
			isa = PBXNativeTarget;
			buildConfigurationList = 345A91BD263C3EE200FC69CA /* Build configuration list for PBXNativeTarget "todo-app" */;
			buildPhases = (
				345A91A5263C3EE100FC69CA /* Sources */,
				345A91A6263C3EE100FC69CA /* Frameworks */,
				345A91A7263C3EE100FC69CA /* Resources */,
			);
			buildRules = (
			);
			dependencies = (
			);
			name = "todo-app";
			productName = "todo-app";
			productReference = 345A91A9263C3EE100FC69CA /* todo-app.app */;
			productType = "com.apple.product-type.application";
		};
/* End PBXNativeTarget section */

/* Begin PBXProject section */
		345A91A1263C3EE100FC69CA /* Project object */ = {
			isa = PBXProject;
			attributes = {
				LastSwiftUpdateCheck = 1240;
				LastUpgradeCheck = 1240;
				TargetAttributes = {
					345A91A8263C3EE100FC69CA = {
						CreatedOnToolsVersion = 12.4;
					};
				};
			};
			buildConfigurationList = 345A91A4263C3EE100FC69CA /* Build configuration list for PBXProject "todo-app" */;
			compatibilityVersion = "Xcode 9.3";
			developmentRegion = en;
			hasScannedForEncodings = 0;
			knownRegions = (
				en,
				Base,
			);
			mainGroup = 345A91A0263C3EE100FC69CA;
			productRefGroup = 345A91AA263C3EE100FC69CA /* Products */;
			projectDirPath = "";
			projectRoot = "";
			targets = (
				345A91A8263C3EE100FC69CA /* todo-app */,
			);
		};
/* End PBXProject section */

/* Begin PBXResourcesBuildPhase section */
		345A91A7263C3EE100FC69CA /* Resources */ = {
			isa = PBXResourcesBuildPhase;
			buildActionMask = 2147483647;
			files = (
				345A91B4263C3EE200FC69CA /* Preview Assets.xcassets in Resources */,
				345A91B1263C3EE200FC69CA /* Assets.xcassets in Resources */,
			);
			runOnlyForDeploymentPostprocessing = 0;
		};
/* End PBXResourcesBuildPhase section */

/* Begin PBXSourcesBuildPhase section */
		345A91A5263C3EE100FC69CA /* Sources */ = {
			isa = PBXSourcesBuildPhase;
			buildActionMask = 2147483647;
			files = (
				345A91CA263C408700FC69CA /* Item+CoreDataProperties.swift in Sources */,
				345A91C9263C408700FC69CA /* Item+CoreDataClass.swift in Sources */,
				345A91B6263C3EE200FC69CA /* Persistence.swift in Sources */,
				345A91AF263C3EE100FC69CA /* ContentView.swift in Sources */,
				345A91DB263C534400FC69CA /* ModalView.swift in Sources */,
				345A91D5263C4CB200FC69CA /* EmptyView.swift in Sources */,
				345A91D1263C4A8400FC69CA /* ToDoView.swift in Sources */,
				345A91AD263C3EE100FC69CA /* todo_appApp.swift in Sources */,
				345A91B9263C3EE200FC69CA /* todo_app.xcdatamodeld in Sources */,
				345A91D8263C4E1B00FC69CA /* ListView.swift in Sources */,
			);
			runOnlyForDeploymentPostprocessing = 0;
		};
/* End PBXSourcesBuildPhase section */

/* Begin XCBuildConfiguration section */
		345A91BB263C3EE200FC69CA /* Debug */ = {
			isa = XCBuildConfiguration;
			buildSettings = {
				ALWAYS_SEARCH_USER_PATHS = NO;
				CLANG_ANALYZER_NONNULL = YES;
				CLANG_ANALYZER_NUMBER_OBJECT_CONVERSION = YES_AGGRESSIVE;
				CLANG_CXX_LANGUAGE_STANDARD = "gnu++14";
				CLANG_CXX_LIBRARY = "libc++";
				CLANG_ENABLE_MODULES = YES;
				CLANG_ENABLE_OBJC_ARC = YES;
				CLANG_ENABLE_OBJC_WEAK = YES;
				CLANG_WARN_BLOCK_CAPTURE_AUTORELEASING = YES;
				CLANG_WARN_BOOL_CONVERSION = YES;
				CLANG_WARN_COMMA = YES;
				CLANG_WARN_CONSTANT_CONVERSION = YES;
				CLANG_WARN_DEPRECATED_OBJC_IMPLEMENTATIONS = YES;
				CLANG_WARN_DIRECT_OBJC_ISA_USAGE = YES_ERROR;
				CLANG_WARN_DOCUMENTATION_COMMENTS = YES;
				CLANG_WARN_EMPTY_BODY = YES;
				CLANG_WARN_ENUM_CONVERSION = YES;
				CLANG_WARN_INFINITE_RECURSION = YES;
				CLANG_WARN_INT_CONVERSION = YES;
				CLANG_WARN_NON_LITERAL_NULL_CONVERSION = YES;
				CLANG_WARN_OBJC_IMPLICIT_RETAIN_SELF = YES;
				CLANG_WARN_OBJC_LITERAL_CONVERSION = YES;
				CLANG_WARN_OBJC_ROOT_CLASS = YES_ERROR;
				CLANG_WARN_QUOTED_INCLUDE_IN_FRAMEWORK_HEADER = YES;
				CLANG_WARN_RANGE_LOOP_ANALYSIS = YES;
				CLANG_WARN_STRICT_PROTOTYPES = YES;
				CLANG_WARN_SUSPICIOUS_MOVE = YES;
				CLANG_WARN_UNGUARDED_AVAILABILITY = YES_AGGRESSIVE;
				CLANG_WARN_UNREACHABLE_CODE = YES;
				CLANG_WARN__DUPLICATE_METHOD_MATCH = YES;
				COPY_PHASE_STRIP = NO;
				DEBUG_INFORMATION_FORMAT = dwarf;
				ENABLE_STRICT_OBJC_MSGSEND = YES;
				ENABLE_TESTABILITY = YES;
				GCC_C_LANGUAGE_STANDARD = gnu11;
				GCC_DYNAMIC_NO_PIC = NO;
				GCC_NO_COMMON_BLOCKS = YES;
				GCC_OPTIMIZATION_LEVEL = 0;
				GCC_PREPROCESSOR_DEFINITIONS = (
					"DEBUG=1",
					"$(inherited)",
				);
				GCC_WARN_64_TO_32_BIT_CONVERSION = YES;
				GCC_WARN_ABOUT_RETURN_TYPE = YES_ERROR;
				GCC_WARN_UNDECLARED_SELECTOR = YES;
				GCC_WARN_UNINITIALIZED_AUTOS = YES_AGGRESSIVE;
				GCC_WARN_UNUSED_FUNCTION = YES;
				GCC_WARN_UNUSED_VARIABLE = YES;
				IPHONEOS_DEPLOYMENT_TARGET = 14.4;
				MTL_ENABLE_DEBUG_INFO = INCLUDE_SOURCE;
				MTL_FAST_MATH = YES;
				ONLY_ACTIVE_ARCH = YES;
				SDKROOT = iphoneos;
				SWIFT_ACTIVE_COMPILATION_CONDITIONS = DEBUG;
				SWIFT_OPTIMIZATION_LEVEL = "-Onone";
			};
			name = Debug;
		};
		345A91BC263C3EE200FC69CA /* Release */ = {
			isa = XCBuildConfiguration;
			buildSettings = {
				ALWAYS_SEARCH_USER_PATHS = NO;
				CLANG_ANALYZER_NONNULL = YES;
				CLANG_ANALYZER_NUMBER_OBJECT_CONVERSION = YES_AGGRESSIVE;
				CLANG_CXX_LANGUAGE_STANDARD = "gnu++14";
				CLANG_CXX_LIBRARY = "libc++";
				CLANG_ENABLE_MODULES = YES;
				CLANG_ENABLE_OBJC_ARC = YES;
				CLANG_ENABLE_OBJC_WEAK = YES;
				CLANG_WARN_BLOCK_CAPTURE_AUTORELEASING = YES;
				CLANG_WARN_BOOL_CONVERSION = YES;
				CLANG_WARN_COMMA = YES;
				CLANG_WARN_CONSTANT_CONVERSION = YES;
				CLANG_WARN_DEPRECATED_OBJC_IMPLEMENTATIONS = YES;
				CLANG_WARN_DIRECT_OBJC_ISA_USAGE = YES_ERROR;
				CLANG_WARN_DOCUMENTATION_COMMENTS = YES;
				CLANG_WARN_EMPTY_BODY = YES;
				CLANG_WARN_ENUM_CONVERSION = YES;
				CLANG_WARN_INFINITE_RECURSION = YES;
				CLANG_WARN_INT_CONVERSION = YES;
				CLANG_WARN_NON_LITERAL_NULL_CONVERSION = YES;
				CLANG_WARN_OBJC_IMPLICIT_RETAIN_SELF = YES;
				CLANG_WARN_OBJC_LITERAL_CONVERSION = YES;
				CLANG_WARN_OBJC_ROOT_CLASS = YES_ERROR;
				CLANG_WARN_QUOTED_INCLUDE_IN_FRAMEWORK_HEADER = YES;
				CLANG_WARN_RANGE_LOOP_ANALYSIS = YES;
				CLANG_WARN_STRICT_PROTOTYPES = YES;
				CLANG_WARN_SUSPICIOUS_MOVE = YES;
				CLANG_WARN_UNGUARDED_AVAILABILITY = YES_AGGRESSIVE;
				CLANG_WARN_UNREACHABLE_CODE = YES;
				CLANG_WARN__DUPLICATE_METHOD_MATCH = YES;
				COPY_PHASE_STRIP = NO;
				DEBUG_INFORMATION_FORMAT = "dwarf-with-dsym";
				ENABLE_NS_ASSERTIONS = NO;
				ENABLE_STRICT_OBJC_MSGSEND = YES;
				GCC_C_LANGUAGE_STANDARD = gnu11;
				GCC_NO_COMMON_BLOCKS = YES;
				GCC_WARN_64_TO_32_BIT_CONVERSION = YES;
				GCC_WARN_ABOUT_RETURN_TYPE = YES_ERROR;
				GCC_WARN_UNDECLARED_SELECTOR = YES;
				GCC_WARN_UNINITIALIZED_AUTOS = YES_AGGRESSIVE;
				GCC_WARN_UNUSED_FUNCTION = YES;
				GCC_WARN_UNUSED_VARIABLE = YES;
				IPHONEOS_DEPLOYMENT_TARGET = 14.4;
				MTL_ENABLE_DEBUG_INFO = NO;
				MTL_FAST_MATH = YES;
				SDKROOT = iphoneos;
				SWIFT_COMPILATION_MODE = wholemodule;
				SWIFT_OPTIMIZATION_LEVEL = "-O";
				VALIDATE_PRODUCT = YES;
			};
			name = Release;
		};
		345A91BE263C3EE200FC69CA /* Debug */ = {
			isa = XCBuildConfiguration;
			buildSettings = {
				ASSETCATALOG_COMPILER_APPICON_NAME = AppIcon;
				ASSETCATALOG_COMPILER_GLOBAL_ACCENT_COLOR_NAME = AccentColor;
				CODE_SIGN_STYLE = Automatic;
				DEVELOPMENT_ASSET_PATHS = "\"todo-app/Preview Content\"";
				DEVELOPMENT_TEAM = 5ZT8VYC3L5;
				ENABLE_PREVIEWS = YES;
				INFOPLIST_FILE = "todo-app/Info.plist";
				IPHONEOS_DEPLOYMENT_TARGET = 14.0;
				LD_RUNPATH_SEARCH_PATHS = (
					"$(inherited)",
					"@executable_path/Frameworks",
				);
				PRODUCT_BUNDLE_IDENTIFIER = "com.dexter.pet.todo-app";
				PRODUCT_NAME = "$(TARGET_NAME)";
				SWIFT_VERSION = 5.0;
				TARGETED_DEVICE_FAMILY = "1,2";
			};
			name = Debug;
		};
		345A91BF263C3EE200FC69CA /* Release */ = {
			isa = XCBuildConfiguration;
			buildSettings = {
				ASSETCATALOG_COMPILER_APPICON_NAME = AppIcon;
				ASSETCATALOG_COMPILER_GLOBAL_ACCENT_COLOR_NAME = AccentColor;
				CODE_SIGN_STYLE = Automatic;
				DEVELOPMENT_ASSET_PATHS = "\"todo-app/Preview Content\"";
				DEVELOPMENT_TEAM = 5ZT8VYC3L5;
				ENABLE_PREVIEWS = YES;
				INFOPLIST_FILE = "todo-app/Info.plist";
				IPHONEOS_DEPLOYMENT_TARGET = 14.0;
				LD_RUNPATH_SEARCH_PATHS = (
					"$(inherited)",
					"@executable_path/Frameworks",
				);
				PRODUCT_BUNDLE_IDENTIFIER = "com.dexter.pet.todo-app";
				PRODUCT_NAME = "$(TARGET_NAME)";
				SWIFT_VERSION = 5.0;
				TARGETED_DEVICE_FAMILY = "1,2";
			};
			name = Release;
		};
/* End XCBuildConfiguration section */

/* Begin XCConfigurationList section */
		345A91A4263C3EE100FC69CA /* Build configuration list for PBXProject "todo-app" */ = {
			isa = XCConfigurationList;
			buildConfigurations = (
				345A91BB263C3EE200FC69CA /* Debug */,
				345A91BC263C3EE200FC69CA /* Release */,
			);
			defaultConfigurationIsVisible = 0;
			defaultConfigurationName = Release;
		};
		345A91BD263C3EE200FC69CA /* Build configuration list for PBXNativeTarget "todo-app" */ = {
			isa = XCConfigurationList;
			buildConfigurations = (
				345A91BE263C3EE200FC69CA /* Debug */,
				345A91BF263C3EE200FC69CA /* Release */,
			);
			defaultConfigurationIsVisible = 0;
			defaultConfigurationName = Release;
		};
/* End XCConfigurationList section */

/* Begin XCVersionGroup section */
		345A91B7263C3EE200FC69CA /* todo_app.xcdatamodeld */ = {
			isa = XCVersionGroup;
			children = (
				345A91B8263C3EE200FC69CA /* todo_app.xcdatamodel */,
			);
			currentVersion = 345A91B8263C3EE200FC69CA /* todo_app.xcdatamodel */;
			path = todo_app.xcdatamodeld;
			sourceTree = "<group>";
			versionGroupType = wrapper.xcdatamodel;
		};
/* End XCVersionGroup section */
	};
	rootObject = 345A91A1263C3EE100FC69CA /* Project object */;
}
